
Microsoft Visual Studio Solution File, Format Version 12.00
# Visual Studio Version 16
VisualStudioVersion = 16.0.31321.278
MinimumVisualStudioVersion = 10.0.40219.1
Project("{9A19103F-16F7-4668-BE54-9A1E7A4F7556}") = "TESTAPP", "TESTAPP\TESTAPP.csproj", "{4409A034-9230-4FA1-8F6C-DFC3F0AF5A36}"
EndProject
Project("{9A19103F-16F7-4668-BE54-9A1E7A4F7556}") = "FixConcept", "FixConcept\FixConcept.csproj", "{661F2DCF-8AFB-44C2-B885-6A2B423FEAF8}"
EndProject
Project("{9A19103F-16F7-4668-BE54-9A1E7A4F7556}") = "FactoryPattern", "FactoryPattern\FactoryPattern.csproj", "{1D05FF68-5E6A-47CB-981C-490858DAE17B}"
EndProject
Global
	GlobalSection(SolutionConfigurationPlatforms) = preSolution
		Debug|Any CPU = Debug|Any CPU
		Release|Any CPU = Release|Any CPU
	EndGlobalSection
	GlobalSection(ProjectConfigurationPlatforms) = postSolution
		{4409A034-9230-4FA1-8F6C-DFC3F0AF5A36}.Debug|Any CPU.ActiveCfg = Debug|Any CPU
		{4409A034-9230-4FA1-8F6C-DFC3F0AF5A36}.Debug|Any CPU.Build.0 = Debug|Any CPU
		{4409A034-9230-4FA1-8F6C-DFC3F0AF5A36}.Release|Any CPU.ActiveCfg = Release|Any CPU
		{4409A034-9230-4FA1-8F6C-DFC3F0AF5A36}.Release|Any CPU.Build.0 = Release|Any CPU
		{661F2DCF-8AFB-44C2-B885-6A2B423FEAF8}.Debug|Any CPU.ActiveCfg = Debug|Any CPU
		{661F2DCF-8AFB-44C2-B885-6A2B423FEAF8}.Debug|Any CPU.Build.0 = Debug|Any CPU
		{661F2DCF-8AFB-44C2-B885-6A2B423FEAF8}.Release|Any CPU.ActiveCfg = Release|Any CPU
		{661F2DCF-8AFB-44C2-B885-6A2B423FEAF8}.Release|Any CPU.Build.0 = Release|Any CPU
		{1D05FF68-5E6A-47CB-981C-490858DAE17B}.Debug|Any CPU.ActiveCfg = Debug|Any CPU
		{1D05FF68-5E6A-47CB-981C-490858DAE17B}.Debug|Any CPU.Build.0 = Debug|Any CPU
		{1D05FF68-5E6A-47CB-981C-490858DAE17B}.Release|Any CPU.ActiveCfg = Release|Any CPU
		{1D05FF68-5E6A-47CB-981C-490858DAE17B}.Release|Any CPU.Build.0 = Release|Any CPU
	EndGlobalSection
	GlobalSection(SolutionProperties) = preSolution
		HideSolutionNode = FALSE
	EndGlobalSection
	GlobalSection(ExtensibilityGlobals) = postSolution
		SolutionGuid = {9E3BB033-B49E-4A27-85E0-C172CD2FF9D3}
	EndGlobalSection
EndGlobal
